
Microsoft Visual Studio Solution File, Format Version 12.00
# Visual Studio 15
VisualStudioVersion = 15.0.27130.2027
MinimumVisualStudioVersion = 10.0.40219.1
Project("{FAE04EC0-301F-11D3-BF4B-00C04F79EFBC}") = "YPCWorkshop", "YPCWorkshop\YPCWorkshop.csproj", "{8CB24009-4EFC-4D17-84A1-6FEBAF803A9A}"
EndProject
Global
	GlobalSection(SolutionConfigurationPlatforms) = preSolution
		Debug|Any CPU = Debug|Any CPU
		Release|Any CPU = Release|Any CPU
	EndGlobalSection
	GlobalSection(ProjectConfigurationPlatforms) = postSolution
		{8CB24009-4EFC-4D17-84A1-6FEBAF803A9A}.Debug|Any CPU.ActiveCfg = Debug|Any CPU
		{8CB24009-4EFC-4D17-84A1-6FEBAF803A9A}.Debug|Any CPU.Build.0 = Debug|Any CPU
		{8CB24009-4EFC-4D17-84A1-6FEBAF803A9A}.Release|Any CPU.ActiveCfg = Release|Any CPU
		{8CB24009-4EFC-4D17-84A1-6FEBAF803A9A}.Release|Any CPU.Build.0 = Release|Any CPU
	EndGlobalSection
	GlobalSection(SolutionProperties) = preSolution
		HideSolutionNode = FALSE
	EndGlobalSection
	GlobalSection(ExtensibilityGlobals) = postSolution
		SolutionGuid = {DB8564AD-CF7B-41B0-AD1B-6D4A5352033F}
	EndGlobalSection
EndGlobal
